
Microsoft Visual Studio Solution File, Format Version 12.00
# Visual Studio 2013
VisualStudioVersion = 12.0.21005.1
MinimumVisualStudioVersion = 10.0.40219.1
Project("{FAE04EC0-301F-11D3-BF4B-00C04F79EFBC}") = "RepositoryTest", "RepositoryTest\RepositoryTest.csproj", "{BA1076CA-B9D4-46F2-97AF-6B1014277194}"
EndProject
Project("{FAE04EC0-301F-11D3-BF4B-00C04F79EFBC}") = "Infosys.FoundationLibrary.DataAccess", "DataAccess\Infosys.FoundationLibrary.DataAccess.csproj", "{A0553ADE-AA07-4A45-A0A9-F7EB551E08D6}"
EndProject
Project("{FAE04EC0-301F-11D3-BF4B-00C04F79EFBC}") = "RepTestConsole", "RepTestConsole\RepTestConsole.csproj", "{7275881C-7320-45B7-A324-2BDF0F6A9EC4}"
EndProject
Global
	GlobalSection(SolutionConfigurationPlatforms) = preSolution
		Debug|Any CPU = Debug|Any CPU
		Release|Any CPU = Release|Any CPU
	EndGlobalSection
	GlobalSection(ProjectConfigurationPlatforms) = postSolution
		{BA1076CA-B9D4-46F2-97AF-6B1014277194}.Debug|Any CPU.ActiveCfg = Debug|Any CPU
		{BA1076CA-B9D4-46F2-97AF-6B1014277194}.Debug|Any CPU.Build.0 = Debug|Any CPU
		{BA1076CA-B9D4-46F2-97AF-6B1014277194}.Release|Any CPU.ActiveCfg = Release|Any CPU
		{BA1076CA-B9D4-46F2-97AF-6B1014277194}.Release|Any CPU.Build.0 = Release|Any CPU
		{A0553ADE-AA07-4A45-A0A9-F7EB551E08D6}.Debug|Any CPU.ActiveCfg = Debug|Any CPU
		{A0553ADE-AA07-4A45-A0A9-F7EB551E08D6}.Debug|Any CPU.Build.0 = Debug|Any CPU
		{A0553ADE-AA07-4A45-A0A9-F7EB551E08D6}.Release|Any CPU.ActiveCfg = Release|Any CPU
		{A0553ADE-AA07-4A45-A0A9-F7EB551E08D6}.Release|Any CPU.Build.0 = Release|Any CPU
		{7275881C-7320-45B7-A324-2BDF0F6A9EC4}.Debug|Any CPU.ActiveCfg = Debug|Any CPU
		{7275881C-7320-45B7-A324-2BDF0F6A9EC4}.Debug|Any CPU.Build.0 = Debug|Any CPU
		{7275881C-7320-45B7-A324-2BDF0F6A9EC4}.Release|Any CPU.ActiveCfg = Release|Any CPU
		{7275881C-7320-45B7-A324-2BDF0F6A9EC4}.Release|Any CPU.Build.0 = Release|Any CPU
	EndGlobalSection
	GlobalSection(SolutionProperties) = preSolution
		HideSolutionNode = FALSE
	EndGlobalSection
EndGlobal
